
Microsoft Visual Studio Solution File, Format Version 12.00
# Visual Studio Version 17
VisualStudioVersion = 17.8.34330.188
MinimumVisualStudioVersion = 10.0.40219.1
Project("{FAE04EC0-301F-11D3-BF4B-00C04F79EFBC}") = "ValidaCNPJ", "ValidaCNPJ\ValidaCNPJ.csproj", "{1049FC3F-2FF0-4827-9407-272320254593}"
EndProject
Global
	GlobalSection(SolutionConfigurationPlatforms) = preSolution
		Debug|Any CPU = Debug|Any CPU
		Release|Any CPU = Release|Any CPU
	EndGlobalSection
	GlobalSection(ProjectConfigurationPlatforms) = postSolution
		{1049FC3F-2FF0-4827-9407-272320254593}.Debug|Any CPU.ActiveCfg = Debug|Any CPU
		{1049FC3F-2FF0-4827-9407-272320254593}.Debug|Any CPU.Build.0 = Debug|Any CPU
		{1049FC3F-2FF0-4827-9407-272320254593}.Release|Any CPU.ActiveCfg = Release|Any CPU
		{1049FC3F-2FF0-4827-9407-272320254593}.Release|Any CPU.Build.0 = Release|Any CPU
	EndGlobalSection
	GlobalSection(SolutionProperties) = preSolution
		HideSolutionNode = FALSE
	EndGlobalSection
	GlobalSection(ExtensibilityGlobals) = postSolution
		SolutionGuid = {726117F8-619B-46BE-B168-79FBB263FCCF}
	EndGlobalSection
EndGlobal
